{
	"name": "@tf2autobot/steamcommunity",
	"version": "3.50.1",
	"lockfileVersion": 2,
	"requires": true,
	"packages": {
		"": {
			"name": "@tf2autobot/steamcommunity",
			"version": "3.50.1",
			"license": "MIT",
			"dependencies": {
				"@doctormckay/user-agents": "^1.1.0",
				"async": "^3.2.6",
				"cheerio": "^1.2.0",
				"fetch-cookie": "^3.2.0",
				"image-size": "^0.8.2",
				"steam-session": "^1.9.4",
				"steam-totp": "^2.1.2",
				"steamid": "^2.1.0",
				"tough-cookie": "^6.0.2",
				"xml2js": "^0.6.2"
			},
			"engines": {
				"node": ">=22.x"
			}
		},
		"node_modules/@doctormckay/stdlib": {
			"version": "2.9.1",
			"resolved": "https://registry.npmjs.org/@doctormckay/stdlib/-/stdlib-2.9.1.tgz",
			"integrity": "sha512-o/gEe6iTMMLQgJytfpYehAQVTvUsEyPiOOM66ATmzRlHgXdvj9XD5SWjd+DqHZqd5zv6RCC2pO4ktqfMnFU7vA==",
			"dependencies": {
				"psl": "^1.9.0"
			},
			"engines": {
				"node": ">=12.22.0"
			}
		},
		"node_modules/@doctormckay/user-agents": {
			"version": "1.1.0",
			"resolved": "https://registry.npmjs.org/@doctormckay/user-agents/-/user-agents-1.1.0.tgz",
			"integrity": "sha512-KXc+5wGh9Is+A4hYAbWDopH8reokVVhwQnUw8px7bjeqIXoH9dwXBqzfvoGmqKBg5dE8zSHYgrx8x7tL5yEvWg==",
			"license": "MIT"
		},
		"node_modules/@protobufjs/aspromise": {
			"version": "1.1.2",
			"resolved": "https://registry.npmjs.org/@protobufjs/aspromise/-/aspromise-1.1.2.tgz",
			"integrity": "sha512-j+gKExEuLmKwvz3OgROXtrJ2UG2x8Ch2YZUxahh+s1F2HZ+wAceUNLkvy6zKCPVRkU++ZWQrdxsUeQXmcg4uoQ==",
			"license": "BSD-3-Clause"
		},
		"node_modules/@protobufjs/base64": {
			"version": "1.1.2",
			"resolved": "https://registry.npmjs.org/@protobufjs/base64/-/base64-1.1.2.tgz",
			"integrity": "sha512-AZkcAA5vnN/v4PDqKyMR5lx7hZttPDgClv83E//FMNhR2TMcLUhfRUBHCmSl0oi9zMgDDqRUJkSxO3wm85+XLg=="
		},
		"node_modules/@protobufjs/codegen": {
			"version": "2.0.5",
			"resolved": "https://registry.npmjs.org/@protobufjs/codegen/-/codegen-2.0.5.tgz",
			"integrity": "sha512-zgXFLzW3Ap33e6d0Wlj4MGIm6Ce8O89n/apUaGNB/jx+hw+ruWEp7EwGUshdLKVRCxZW12fp9r40E1mQrf/34g==",
			"license": "BSD-3-Clause"
		},
		"node_modules/@protobufjs/eventemitter": {
			"version": "1.1.1",
			"resolved": "https://registry.npmjs.org/@protobufjs/eventemitter/-/eventemitter-1.1.1.tgz",
			"integrity": "sha512-vW1GmwMZNnL+gMRaovlh9yZX74kc+TTU3FObkkurpMaRtBfLP3ldjS9KQWlwZgraRE0+dheEEoAxdzcJQ8eXZg==",
			"license": "BSD-3-Clause"
		},
		"node_modules/@protobufjs/fetch": {
			"version": "1.1.1",
			"resolved": "https://registry.npmjs.org/@protobufjs/fetch/-/fetch-1.1.1.tgz",
			"integrity": "sha512-GpptLrs57adMSuHi3VNj0mAF8dwh36LMaYF6XyJ6JMWlVsc+t42tm1HSEDmOs3A8fC9yyeisgLhsTVQokOZ0zw==",
			"license": "BSD-3-Clause",
			"dependencies": {
				"@protobufjs/aspromise": "^1.1.1"
			}
		},
		"node_modules/@protobufjs/float": {
			"version": "1.0.2",
			"resolved": "https://registry.npmjs.org/@protobufjs/float/-/float-1.0.2.tgz",
			"integrity": "sha512-Ddb+kVXlXst9d+R9PfTIxh1EdNkgoRe5tOX6t01f1lYWOvJnSPDBlG241QLzcyPdoNTsblLUdujGSE4RzrTZGQ=="
		},
		"node_modules/@protobufjs/path": {
			"version": "1.1.2",
			"resolved": "https://registry.npmjs.org/@protobufjs/path/-/path-1.1.2.tgz",
			"integrity": "sha512-6JOcJ5Tm08dOHAbdR3GrvP+yUUfkjG5ePsHYczMFLq3ZmMkAD98cDgcT2iA1lJ9NVwFd4tH/iSSoe44YWkltEA=="
		},
		"node_modules/@protobufjs/pool": {
			"version": "1.1.0",
			"resolved": "https://registry.npmjs.org/@protobufjs/pool/-/pool-1.1.0.tgz",
			"integrity": "sha512-0kELaGSIDBKvcgS4zkjz1PeddatrjYcmMWOlAuAPwAeccUrPHdUqo/J6LiymHHEiJT5NrF1UVwxY14f+fy4WQw=="
		},
		"node_modules/@protobufjs/utf8": {
			"version": "1.1.2",
			"resolved": "https://registry.npmjs.org/@protobufjs/utf8/-/utf8-1.1.2.tgz",
			"integrity": "sha512-b1UQwcEZ4yCnMCD8DAL1VlbvBJE9/IX4FTIp7BG1xYpf29SLazLSrqUkj4w7Y5y7cCVP6E5tcqqcI0xemPkHug==",
			"license": "BSD-3-Clause"
		},
		"node_modules/@types/node": {
			"version": "20.8.8",
			"resolved": "https://registry.npmjs.org/@types/node/-/node-20.8.8.tgz",
			"integrity": "sha512-YRsdVxq6OaLfmR9Hy816IMp33xOBjfyOgUd77ehqg96CFywxAPbDbXvAsuN2KVg2HOT8Eh6uAfU+l4WffwPVrQ==",
			"dependencies": {
				"undici-types": "~5.25.1"
			}
		},
		"node_modules/agent-base": {
			"version": "6.0.2",
			"resolved": "https://registry.npmjs.org/agent-base/-/agent-base-6.0.2.tgz",
			"integrity": "sha512-RZNwNclF7+MS/8bDg70amg32dyeZGZxiDuQmZxKLAlQjr3jGyLx+4Kkk58UO7D2QdgFIQCovuSuZESne6RG6XQ==",
			"dependencies": {
				"debug": "4"
			},
			"engines": {
				"node": ">= 6.0.0"
			}
		},
		"node_modules/async": {
			"version": "3.2.6",
			"resolved": "https://registry.npmjs.org/async/-/async-3.2.6.tgz",
			"integrity": "sha512-htCUDlxyyCLMgaM3xXg0C0LW2xqfuQ6p05pCEIsXuyQ+a1koYKTuBMzRNwmybfLgvJDMd0r1LTn4+E0Ti6C2AA=="
		},
		"node_modules/boolbase": {
			"version": "1.0.0",
			"resolved": "https://registry.npmjs.org/boolbase/-/boolbase-1.0.0.tgz",
			"integrity": "sha512-JZOSA7Mo9sNGB8+UjSgzdLtokWAky1zbztM3WRLCbZ70/3cTANmQmOdR7y2g+J0e2WXywy1yS468tY+IruqEww=="
		},
		"node_modules/bytebuffer": {
			"version": "5.0.1",
			"resolved": "https://registry.npmjs.org/bytebuffer/-/bytebuffer-5.0.1.tgz",
			"integrity": "sha512-IuzSdmADppkZ6DlpycMkm8l9zeEq16fWtLvunEwFiYciR/BHo4E8/xs5piFquG+Za8OWmMqHF8zuRviz2LHvRQ==",
			"dependencies": {
				"long": "~3"
			},
			"engines": {
				"node": ">=0.8"
			}
		},
		"node_modules/bytebuffer/node_modules/long": {
			"version": "3.2.0",
			"resolved": "https://registry.npmjs.org/long/-/long-3.2.0.tgz",
			"integrity": "sha512-ZYvPPOMqUwPoDsbJaR10iQJYnMuZhRTvHYl62ErLIEX7RgFlziSBUUvrt3OVfc47QlHHpzPZYP17g3Fv7oeJkg==",
			"engines": {
				"node": ">=0.6"
			}
		},
		"node_modules/cheerio": {
			"version": "1.2.0",
			"resolved": "https://registry.npmjs.org/cheerio/-/cheerio-1.2.0.tgz",
			"integrity": "sha512-WDrybc/gKFpTYQutKIK6UvfcuxijIZfMfXaYm8NMsPQxSYvf+13fXUJ4rztGGbJcBQ/GF55gvrZ0Bc0bj/mqvg==",
			"license": "MIT",
			"dependencies": {
				"cheerio-select": "^2.1.0",
				"dom-serializer": "^2.0.0",
				"domhandler": "^5.0.3",
				"domutils": "^3.2.2",
				"encoding-sniffer": "^0.2.1",
				"htmlparser2": "^10.1.0",
				"parse5": "^7.3.0",
				"parse5-htmlparser2-tree-adapter": "^7.1.0",
				"parse5-parser-stream": "^7.1.2",
				"undici": "^7.19.0",
				"whatwg-mimetype": "^4.0.0"
			},
			"engines": {
				"node": ">=20.18.1"
			},
			"funding": {
				"url": "https://github.com/cheeriojs/cheerio?sponsor=1"
			}
		},
		"node_modules/cheerio-select": {
			"version": "2.1.0",
			"resolved": "https://registry.npmjs.org/cheerio-select/-/cheerio-select-2.1.0.tgz",
			"integrity": "sha512-9v9kG0LvzrlcungtnJtpGNxY+fzECQKhK4EGJX2vByejiMX84MFNQw4UxPJl3bFbTMw+Dfs37XaIkCwTZfLh4g==",
			"dependencies": {
				"boolbase": "^1.0.0",
				"css-select": "^5.1.0",
				"css-what": "^6.1.0",
				"domelementtype": "^2.3.0",
				"domhandler": "^5.0.3",
				"domutils": "^3.0.1"
			},
			"funding": {
				"url": "https://github.com/sponsors/fb55"
			}
		},
		"node_modules/css-select": {
			"version": "5.1.0",
			"resolved": "https://registry.npmjs.org/css-select/-/css-select-5.1.0.tgz",
			"integrity": "sha512-nwoRF1rvRRnnCqqY7updORDsuqKzqYJ28+oSMaJMMgOauh3fvwHqMS7EZpIPqK8GL+g9mKxF1vP/ZjSeNjEVHg==",
			"dependencies": {
				"boolbase": "^1.0.0",
				"css-what": "^6.1.0",
				"domhandler": "^5.0.2",
				"domutils": "^3.0.1",
				"nth-check": "^2.0.1"
			},
			"funding": {
				"url": "https://github.com/sponsors/fb55"
			}
		},
		"node_modules/css-what": {
			"version": "6.1.0",
			"resolved": "https://registry.npmjs.org/css-what/-/css-what-6.1.0.tgz",
			"integrity": "sha512-HTUrgRJ7r4dsZKU6GjmpfRK1O76h97Z8MfS1G0FozR+oF2kG6Vfe8JE6zwrkbxigziPHinCJ+gCPjA9EaBDtRw==",
			"engines": {
				"node": ">= 6"
			},
			"funding": {
				"url": "https://github.com/sponsors/fb55"
			}
		},
		"node_modules/debug": {
			"version": "4.3.4",
			"resolved": "https://registry.npmjs.org/debug/-/debug-4.3.4.tgz",
			"integrity": "sha512-PRWFHuSU3eDtQJPvnNY7Jcket1j0t5OuOsFzPPzsekD52Zl8qUfFIPEiswXqIvHWGVHOgX+7G/vCNNhehwxfkQ==",
			"dependencies": {
				"ms": "2.1.2"
			},
			"engines": {
				"node": ">=6.0"
			},
			"peerDependenciesMeta": {
				"supports-color": {
					"optional": true
				}
			}
		},
		"node_modules/dom-serializer": {
			"version": "2.0.0",
			"resolved": "https://registry.npmjs.org/dom-serializer/-/dom-serializer-2.0.0.tgz",
			"integrity": "sha512-wIkAryiqt/nV5EQKqQpo3SToSOV9J0DnbJqwK7Wv/Trc92zIAYZ4FlMu+JPFW1DfGFt81ZTCGgDEabffXeLyJg==",
			"dependencies": {
				"domelementtype": "^2.3.0",
				"domhandler": "^5.0.2",
				"entities": "^4.2.0"
			},
			"funding": {
				"url": "https://github.com/cheeriojs/dom-serializer?sponsor=1"
			}
		},
		"node_modules/domelementtype": {
			"version": "2.3.0",
			"resolved": "https://registry.npmjs.org/domelementtype/-/domelementtype-2.3.0.tgz",
			"integrity": "sha512-OLETBj6w0OsagBwdXnPdN0cnMfF9opN69co+7ZrbfPGrdpPVNBUj02spi6B1N7wChLQiPn4CSH/zJvXw56gmHw==",
			"funding": [
				{
					"type": "github",
					"url": "https://github.com/sponsors/fb55"
				}
			]
		},
		"node_modules/domhandler": {
			"version": "5.0.3",
			"resolved": "https://registry.npmjs.org/domhandler/-/domhandler-5.0.3.tgz",
			"integrity": "sha512-cgwlv/1iFQiFnU96XXgROh8xTeetsnJiDsTc7TYCLFd9+/WNkIqPTxiM/8pSd8VIrhXGTf1Ny1q1hquVqDJB5w==",
			"dependencies": {
				"domelementtype": "^2.3.0"
			},
			"engines": {
				"node": ">= 4"
			},
			"funding": {
				"url": "https://github.com/fb55/domhandler?sponsor=1"
			}
		},
		"node_modules/domutils": {
			"version": "3.2.2",
			"resolved": "https://registry.npmjs.org/domutils/-/domutils-3.2.2.tgz",
			"integrity": "sha512-6kZKyUajlDuqlHKVX1w7gyslj9MPIXzIFiz/rGu35uC1wMi+kMhQwGhl4lt9unC9Vb9INnY9Z3/ZA3+FhASLaw==",
			"license": "BSD-2-Clause",
			"dependencies": {
				"dom-serializer": "^2.0.0",
				"domelementtype": "^2.3.0",
				"domhandler": "^5.0.3"
			},
			"funding": {
				"url": "https://github.com/fb55/domutils?sponsor=1"
			}
		},
		"node_modules/encoding-sniffer": {
			"version": "0.2.1",
			"resolved": "https://registry.npmjs.org/encoding-sniffer/-/encoding-sniffer-0.2.1.tgz",
			"integrity": "sha512-5gvq20T6vfpekVtqrYQsSCFZ1wEg5+wW0/QaZMWkFr6BqD3NfKs0rLCx4rrVlSWJeZb5NBJgVLswK/w2MWU+Gw==",
			"license": "MIT",
			"dependencies": {
				"iconv-lite": "^0.6.3",
				"whatwg-encoding": "^3.1.1"
			},
			"funding": {
				"url": "https://github.com/fb55/encoding-sniffer?sponsor=1"
			}
		},
		"node_modules/entities": {
			"version": "4.5.0",
			"resolved": "https://registry.npmjs.org/entities/-/entities-4.5.0.tgz",
			"integrity": "sha512-V0hjH4dGPh9Ao5p0MoRY6BVqtwCjhz6vI5LT8AJ55H+4g9/4vbHx1I54fS0XuclLhDHArPQCiMjDxjaL8fPxhw==",
			"engines": {
				"node": ">=0.12"
			},
			"funding": {
				"url": "https://github.com/fb55/entities?sponsor=1"
			}
		},
		"node_modules/fetch-cookie": {
			"version": "3.2.0",
			"resolved": "https://registry.npmjs.org/fetch-cookie/-/fetch-cookie-3.2.0.tgz",
			"integrity": "sha512-n61pQIxP25C6DRhcJxn7BDzgHP/+S56Urowb5WFxtcRMpU6drqXD90xjyAsVQYsNSNNVbaCcYY1DuHsdkZLuiA==",
			"license": "Unlicense",
			"dependencies": {
				"set-cookie-parser": "^2.4.8",
				"tough-cookie": "^6.0.0"
			}
		},
		"node_modules/htmlparser2": {
			"version": "10.1.0",
			"resolved": "https://registry.npmjs.org/htmlparser2/-/htmlparser2-10.1.0.tgz",
			"integrity": "sha512-VTZkM9GWRAtEpveh7MSF6SjjrpNVNNVJfFup7xTY3UpFtm67foy9HDVXneLtFVt4pMz5kZtgNcvCniNFb1hlEQ==",
			"funding": [
				"https://github.com/fb55/htmlparser2?sponsor=1",
				{
					"type": "github",
					"url": "https://github.com/sponsors/fb55"
				}
			],
			"license": "MIT",
			"dependencies": {
				"domelementtype": "^2.3.0",
				"domhandler": "^5.0.3",
				"domutils": "^3.2.2",
				"entities": "^7.0.1"
			}
		},
		"node_modules/htmlparser2/node_modules/entities": {
			"version": "7.0.1",
			"resolved": "https://registry.npmjs.org/entities/-/entities-7.0.1.tgz",
			"integrity": "sha512-TWrgLOFUQTH994YUyl1yT4uyavY5nNB5muff+RtWaqNVCAK408b5ZnnbNAUEWLTCpum9w6arT70i1XdQ4UeOPA==",
			"license": "BSD-2-Clause",
			"engines": {
				"node": ">=0.12"
			},
			"funding": {
				"url": "https://github.com/fb55/entities?sponsor=1"
			}
		},
		"node_modules/iconv-lite": {
			"version": "0.6.3",
			"resolved": "https://registry.npmjs.org/iconv-lite/-/iconv-lite-0.6.3.tgz",
			"integrity": "sha512-4fCk79wshMdzMp2rH06qWrJE4iolqLhCUH+OiuIgU++RB0+94NlDL81atO7GX55uUKueo0txHNtvEyI6D7WdMw==",
			"license": "MIT",
			"dependencies": {
				"safer-buffer": ">= 2.1.2 < 3.0.0"
			},
			"engines": {
				"node": ">=0.10.0"
			}
		},
		"node_modules/image-size": {
			"version": "0.8.3",
			"resolved": "https://registry.npmjs.org/image-size/-/image-size-0.8.3.tgz",
			"integrity": "sha512-SMtq1AJ+aqHB45c3FsB4ERK0UCiA2d3H1uq8s+8T0Pf8A3W4teyBQyaFaktH6xvZqh+npwlKU7i4fJo0r7TYTg==",
			"dependencies": {
				"queue": "6.0.1"
			},
			"bin": {
				"image-size": "bin/image-size.js"
			},
			"engines": {
				"node": ">=6.9.0"
			}
		},
		"node_modules/inherits": {
			"version": "2.0.4",
			"resolved": "https://registry.npmjs.org/inherits/-/inherits-2.0.4.tgz",
			"integrity": "sha512-k/vGaX4/Yla3WzyMCvTQOXYeIHvqOKtnqBduzTHpzpQZzAskKMhZ2K+EnBiSM9zGSoIFeMpXKxa4dYeZIQqewQ=="
		},
		"node_modules/ip-address": {
			"version": "10.2.0",
			"resolved": "https://registry.npmjs.org/ip-address/-/ip-address-10.2.0.tgz",
			"integrity": "sha512-/+S6j4E9AHvW9SWMSEY9Xfy66O5PWvVEJ08O0y5JGyEKQpojb0K0GKpz/v5HJ/G0vi3D2sjGK78119oXZeE0qA==",
			"license": "MIT",
			"engines": {
				"node": ">= 12"
			}
		},
		"node_modules/kvparser": {
			"version": "1.0.2",
			"resolved": "https://registry.npmjs.org/kvparser/-/kvparser-1.0.2.tgz",
			"integrity": "sha512-5P/5qpTAHjVYWqcI55B3yQwSY2FUrYYrJj5i65V1Wmg7/4W4OnBcaodaEvLyVuugeOnS+BAaKm9LbPazGJcRyA==",
			"engines": {
				"node": ">=4.0.0"
			}
		},
		"node_modules/long": {
			"version": "5.3.2",
			"resolved": "https://registry.npmjs.org/long/-/long-5.3.2.tgz",
			"integrity": "sha512-mNAgZ1GmyNhD7AuqnTG3/VQ26o760+ZYBPKjPvugO8+nLbYfX6TVpJPseBvopbdY+qpZ/lKUnmEc1LeZYS3QAA==",
			"license": "Apache-2.0"
		},
		"node_modules/ms": {
			"version": "2.1.2",
			"resolved": "https://registry.npmjs.org/ms/-/ms-2.1.2.tgz",
			"integrity": "sha512-sGkPx+VjMtmA6MX27oA4FBFELFCZZ4S4XqeGOXCv68tT+jb3vk/RyaKWP0PTKyWtmLSM0b+adUTEvbs1PEaH2w=="
		},
		"node_modules/node-bignumber": {
			"version": "1.2.2",
			"resolved": "https://registry.npmjs.org/node-bignumber/-/node-bignumber-1.2.2.tgz",
			"integrity": "sha512-VoTZHmdFQpZH1+q1dz2qcHNCwTWsJg2T3PYwlAyDNFOfVhSYUKQBLFcCpCud+wJBGgCttGavZILaIggDIKqEQQ==",
			"engines": {
				"node": ">=0.4.0"
			}
		},
		"node_modules/nth-check": {
			"version": "2.1.1",
			"resolved": "https://registry.npmjs.org/nth-check/-/nth-check-2.1.1.tgz",
			"integrity": "sha512-lqjrjmaOoAnWfMmBPL+XNnynZh2+swxiX3WUE0s4yEHI6m+AwrK2UZOimIRl3X/4QctVqS8AiZjFqyOGrMXb/w==",
			"dependencies": {
				"boolbase": "^1.0.0"
			},
			"funding": {
				"url": "https://github.com/fb55/nth-check?sponsor=1"
			}
		},
		"node_modules/parse5": {
			"version": "7.3.0",
			"resolved": "https://registry.npmjs.org/parse5/-/parse5-7.3.0.tgz",
			"integrity": "sha512-IInvU7fabl34qmi9gY8XOVxhYyMyuH2xUNpb2q8/Y+7552KlejkRvqvD19nMoUW/uQGGbqNpA6Tufu5FL5BZgw==",
			"license": "MIT",
			"dependencies": {
				"entities": "^6.0.0"
			},
			"funding": {
				"url": "https://github.com/inikulin/parse5?sponsor=1"
			}
		},
		"node_modules/parse5-htmlparser2-tree-adapter": {
			"version": "7.1.0",
			"resolved": "https://registry.npmjs.org/parse5-htmlparser2-tree-adapter/-/parse5-htmlparser2-tree-adapter-7.1.0.tgz",
			"integrity": "sha512-ruw5xyKs6lrpo9x9rCZqZZnIUntICjQAd0Wsmp396Ul9lN/h+ifgVV1x1gZHi8euej6wTfpqX8j+BFQxF0NS/g==",
			"license": "MIT",
			"dependencies": {
				"domhandler": "^5.0.3",
				"parse5": "^7.0.0"
			},
			"funding": {
				"url": "https://github.com/inikulin/parse5?sponsor=1"
			}
		},
		"node_modules/parse5-parser-stream": {
			"version": "7.1.2",
			"resolved": "https://registry.npmjs.org/parse5-parser-stream/-/parse5-parser-stream-7.1.2.tgz",
			"integrity": "sha512-JyeQc9iwFLn5TbvvqACIF/VXG6abODeB3Fwmv/TGdLk2LfbWkaySGY72at4+Ty7EkPZj854u4CrICqNk2qIbow==",
			"dependencies": {
				"parse5": "^7.0.0"
			},
			"funding": {
				"url": "https://github.com/inikulin/parse5?sponsor=1"
			}
		},
		"node_modules/parse5/node_modules/entities": {
			"version": "6.0.1",
			"resolved": "https://registry.npmjs.org/entities/-/entities-6.0.1.tgz",
			"integrity": "sha512-aN97NXWF6AWBTahfVOIrB/NShkzi5H7F9r1s9mD3cDj4Ko5f2qhhVoYMibXF7GlLveb/D2ioWay8lxI97Ven3g==",
			"license": "BSD-2-Clause",
			"engines": {
				"node": ">=0.12"
			},
			"funding": {
				"url": "https://github.com/fb55/entities?sponsor=1"
			}
		},
		"node_modules/permessage-deflate": {
			"version": "0.1.7",
			"resolved": "https://registry.npmjs.org/permessage-deflate/-/permessage-deflate-0.1.7.tgz",
			"integrity": "sha512-EUNi/RIsyJ1P1u9QHFwMOUWMYetqlE22ZgGbad7YP856WF4BFF0B7DuNy6vEGsgNNud6c/SkdWzkne71hH8MjA==",
			"dependencies": {
				"safe-buffer": "*"
			},
			"engines": {
				"node": ">=0.8.0"
			}
		},
		"node_modules/protobufjs": {
			"version": "7.6.5",
			"resolved": "https://registry.npmjs.org/protobufjs/-/protobufjs-7.6.5.tgz",
			"integrity": "sha512-/FPD0nUc9jH6rfFjji9IBqOz4pcSE3CsT1m7Ep6Mdb0LxSUMj8hgl6GomOvZzpNpAqqGaXA0P3VSrZLFzIhQrw==",
			"hasInstallScript": true,
			"license": "BSD-3-Clause",
			"dependencies": {
				"@protobufjs/aspromise": "^1.1.2",
				"@protobufjs/base64": "^1.1.2",
				"@protobufjs/codegen": "^2.0.5",
				"@protobufjs/eventemitter": "^1.1.1",
				"@protobufjs/fetch": "^1.1.1",
				"@protobufjs/float": "^1.0.2",
				"@protobufjs/path": "^1.1.2",
				"@protobufjs/pool": "^1.1.0",
				"@protobufjs/utf8": "^1.1.1",
				"@types/node": ">=13.7.0",
				"long": "^5.3.2"
			},
			"engines": {
				"node": ">=12.0.0"
			}
		},
		"node_modules/psl": {
			"version": "1.9.0",
			"resolved": "https://registry.npmjs.org/psl/-/psl-1.9.0.tgz",
			"integrity": "sha512-E/ZsdU4HLs/68gYzgGTkMicWTLPdAftJLfJFlLUAAKZGkStNU72sZjT66SnMDVOfOWY/YAoiD7Jxa9iHvngcag=="
		},
		"node_modules/queue": {
			"version": "6.0.1",
			"resolved": "https://registry.npmjs.org/queue/-/queue-6.0.1.tgz",
			"integrity": "sha512-AJBQabRCCNr9ANq8v77RJEv73DPbn55cdTb+Giq4X0AVnNVZvMHlYp7XlQiN+1npCZj1DuSmaA2hYVUUDgxFDg==",
			"dependencies": {
				"inherits": "~2.0.3"
			}
		},
		"node_modules/safe-buffer": {
			"version": "5.2.1",
			"resolved": "https://registry.npmjs.org/safe-buffer/-/safe-buffer-5.2.1.tgz",
			"integrity": "sha512-rp3So07KcdmmKbGvgaNxQSJr7bGVSVk5S9Eq1F+ppbRo70+YeaDxkw5Dd8NPN+GD6bjnYm2VuPuCXmpuYvmCXQ==",
			"funding": [
				{
					"type": "github",
					"url": "https://github.com/sponsors/feross"
				},
				{
					"type": "patreon",
					"url": "https://www.patreon.com/feross"
				},
				{
					"type": "consulting",
					"url": "https://feross.org/support"
				}
			]
		},
		"node_modules/safer-buffer": {
			"version": "2.1.2",
			"resolved": "https://registry.npmjs.org/safer-buffer/-/safer-buffer-2.1.2.tgz",
			"integrity": "sha512-YZo3K82SD7Riyi0E1EQPojLz7kpepnSQI9IyPbHHg1XXXevb5dJI7tpyN2ADxGcQbHG7vcyRHk0cbwqcQriUtg=="
		},
		"node_modules/sax": {
			"version": "1.2.4",
			"resolved": "https://registry.npmjs.org/sax/-/sax-1.2.4.tgz",
			"integrity": "sha512-NqVDv9TpANUjFm0N8uM5GxL36UgKi9/atZw+x7YFnQ8ckwFGKrl4xX4yWtrey3UJm5nP1kUbnYgLopqWNSRhWw=="
		},
		"node_modules/set-cookie-parser": {
			"version": "2.7.2",
			"resolved": "https://registry.npmjs.org/set-cookie-parser/-/set-cookie-parser-2.7.2.tgz",
			"integrity": "sha512-oeM1lpU/UvhTxw+g3cIfxXHyJRc/uidd3yK1P242gzHds0udQBYzs3y8j4gCCW+ZJ7ad0yctld8RYO+bdurlvw==",
			"license": "MIT"
		},
		"node_modules/smart-buffer": {
			"version": "4.2.0",
			"resolved": "https://registry.npmjs.org/smart-buffer/-/smart-buffer-4.2.0.tgz",
			"integrity": "sha512-94hK0Hh8rPqQl2xXc3HsaBoOXKV20MToPkcXvwbISWLEs+64sBq5kFgn2kJDHb1Pry9yrP0dxrCI9RRci7RXKg==",
			"engines": {
				"node": ">= 6.0.0",
				"npm": ">= 3.0.0"
			}
		},
		"node_modules/socks": {
			"version": "2.8.9",
			"resolved": "https://registry.npmjs.org/socks/-/socks-2.8.9.tgz",
			"integrity": "sha512-LJhUYUvItdQ0LkJTmPeaEObWXAqFyfmP85x0tch/ez9cahmhlBBLbIqDFnvBnUJGagb0JbIQrkBs1wJ+yRYpEw==",
			"license": "MIT",
			"dependencies": {
				"ip-address": "^10.1.1",
				"smart-buffer": "^4.2.0"
			},
			"engines": {
				"node": ">= 10.0.0",
				"npm": ">= 3.0.0"
			}
		},
		"node_modules/socks-proxy-agent": {
			"version": "7.0.0",
			"resolved": "https://registry.npmjs.org/socks-proxy-agent/-/socks-proxy-agent-7.0.0.tgz",
			"integrity": "sha512-Fgl0YPZ902wEsAyiQ+idGd1A7rSFx/ayC1CQVMw5P+EQx2V0SgpGtf6OKFhVjPflPUl9YMmEOnmfjCdMUsygww==",
			"dependencies": {
				"agent-base": "^6.0.2",
				"debug": "^4.3.3",
				"socks": "^2.6.2"
			},
			"engines": {
				"node": ">= 10"
			}
		},
		"node_modules/steam-session": {
			"version": "1.9.4",
			"resolved": "https://registry.npmjs.org/steam-session/-/steam-session-1.9.4.tgz",
			"integrity": "sha512-MLvg1uMLEOIRHZS5LKruy1w5OqHb8EL7TeMxIY2a4mUcaVOgszz060+jo4c7s3gFeedyuoqGcfwJrR0pLKYzLw==",
			"license": "MIT",
			"dependencies": {
				"@doctormckay/stdlib": "^2.9.0",
				"@doctormckay/user-agents": "^1.0.0",
				"debug": "^4.3.4",
				"kvparser": "^1.0.1",
				"node-bignumber": "^1.2.2",
				"protobufjs": "^7.1.0",
				"socks-proxy-agent": "^7.0.0",
				"steamid": "^2.0.0",
				"tiny-typed-emitter": "^2.1.0",
				"websocket13": "^4.0.0"
			},
			"engines": {
				"node": ">=12.22.0"
			}
		},
		"node_modules/steam-totp": {
			"version": "2.1.2",
			"resolved": "https://registry.npmjs.org/steam-totp/-/steam-totp-2.1.2.tgz",
			"integrity": "sha512-bTKlc/NoIUQId+my+O556s55DDsNNXfVIPWFDNVu68beql7AJhV0c+GTjFxfwCDYfdc4NkAme+0WrDdnY2D2VA==",
			"engines": {
				"node": ">=6.0.0"
			}
		},
		"node_modules/steamid": {
			"version": "2.1.0",
			"resolved": "https://registry.npmjs.org/steamid/-/steamid-2.1.0.tgz",
			"integrity": "sha512-ndt1cvuuSC+i8fcxVsmeyRlgGsR1QsoAuIXz+eabj8/Y4GIWE2+mgHA7Hys61JDHOxttfWtXHtN2m5TNYTlORg==",
			"engines": {
				"node": ">=12.0.0"
			}
		},
		"node_modules/tiny-typed-emitter": {
			"version": "2.1.0",
			"resolved": "https://registry.npmjs.org/tiny-typed-emitter/-/tiny-typed-emitter-2.1.0.tgz",
			"integrity": "sha512-qVtvMxeXbVej0cQWKqVSSAHmKZEHAvxdF8HEUBFWts8h+xEo5m/lEiPakuyZ3BnCBjOD8i24kzNOiOLLgsSxhA=="
		},
		"node_modules/tldts": {
			"version": "7.4.8",
			"resolved": "https://registry.npmjs.org/tldts/-/tldts-7.4.8.tgz",
			"integrity": "sha512-htwgN/8KRB3z3vnC0BOETVh2m499g5GmyTK9Wq5JBLX3FNz6tSBveAd+fQhzy9hkjif8vy2jwDMR1sGhLtZl2A==",
			"license": "MIT",
			"dependencies": {
				"tldts-core": "^7.4.8"
			},
			"bin": {
				"tldts": "bin/cli.js"
			}
		},
		"node_modules/tldts-core": {
			"version": "7.4.8",
			"resolved": "https://registry.npmjs.org/tldts-core/-/tldts-core-7.4.8.tgz",
			"integrity": "sha512-c1P7u0EhACHj7lPy4MJm8iTFEU8+nB0LCtddH0fhP7noaVoXAqafMtOOeX+ulpuPBqnrRgRhw494RICT3mbhnw==",
			"license": "MIT"
		},
		"node_modules/tough-cookie": {
			"version": "6.0.2",
			"resolved": "https://registry.npmjs.org/tough-cookie/-/tough-cookie-6.0.2.tgz",
			"integrity": "sha512-exgYmnmL/sJpR3upZfXG5PoatXQii55xAiXGXzY+sROLZ/Y+SLcp9PgJNI9Vz37HpQ74WvDcLT8eqm+kV3FzrA==",
			"license": "BSD-3-Clause",
			"dependencies": {
				"tldts": "^7.0.5"
			},
			"engines": {
				"node": ">=16"
			}
		},
		"node_modules/undici": {
			"version": "7.28.0",
			"resolved": "https://registry.npmjs.org/undici/-/undici-7.28.0.tgz",
			"integrity": "sha512-cRZYrTDwWznlnRiPjggAGxZXanty6M8RV1ff8Wm4LWXBp7/IG8v5DnOm74DtUBp9OONpK75YlPnIjQqX0dBDtA==",
			"license": "MIT",
			"engines": {
				"node": ">=20.18.1"
			}
		},
		"node_modules/undici-types": {
			"version": "5.25.3",
			"resolved": "https://registry.npmjs.org/undici-types/-/undici-types-5.25.3.tgz",
			"integrity": "sha512-Ga1jfYwRn7+cP9v8auvEXN1rX3sWqlayd4HP7OKk4mZWylEmu3KzXDUGrQUN6Ol7qo1gPvB2e5gX6udnyEPgdA=="
		},
		"node_modules/websocket-extensions": {
			"version": "0.1.4",
			"resolved": "https://registry.npmjs.org/websocket-extensions/-/websocket-extensions-0.1.4.tgz",
			"integrity": "sha512-OqedPIGOfsDlo31UNwYbCFMSaO9m9G/0faIHj5/dZFDMFqPTcx6UwqyOy3COEaEOg/9VsGIpdqn62W5KhoKSpg==",
			"engines": {
				"node": ">=0.8.0"
			}
		},
		"node_modules/websocket13": {
			"version": "4.0.0",
			"resolved": "https://registry.npmjs.org/websocket13/-/websocket13-4.0.0.tgz",
			"integrity": "sha512-/ujP9ZfihyAZIXKGxcYpoe7Gj4r5o3WYSfP93o9lVNhhqoBtYba4m1s3mxdjKZu/HOhX5Mcqrt89dv/gC3b06A==",
			"dependencies": {
				"@doctormckay/stdlib": "^2.7.1",
				"bytebuffer": "^5.0.1",
				"permessage-deflate": "^0.1.7",
				"tiny-typed-emitter": "^2.1.0",
				"websocket-extensions": "^0.1.4"
			},
			"engines": {
				"node": ">=12.22.0"
			}
		},
		"node_modules/whatwg-encoding": {
			"version": "3.1.1",
			"resolved": "https://registry.npmjs.org/whatwg-encoding/-/whatwg-encoding-3.1.1.tgz",
			"integrity": "sha512-6qN4hJdMwfYBtE3YBTTHhoeuUrDBPZmbQaxWAqSALV/MeEnR5z1xd8UKud2RAkFoPkmB+hli1TZSnyi84xz1vQ==",
			"deprecated": "Use @exodus/bytes instead for a more spec-conformant and faster implementation",
			"license": "MIT",
			"dependencies": {
				"iconv-lite": "0.6.3"
			},
			"engines": {
				"node": ">=18"
			}
		},
		"node_modules/whatwg-mimetype": {
			"version": "4.0.0",
			"resolved": "https://registry.npmjs.org/whatwg-mimetype/-/whatwg-mimetype-4.0.0.tgz",
			"integrity": "sha512-QaKxh0eNIi2mE9p2vEdzfagOKHCcj1pJ56EEHGQOVxp8r9/iszLUUV7v89x9O1p/T+NlTM5W7jW6+cz4Fq1YVg==",
			"engines": {
				"node": ">=18"
			}
		},
		"node_modules/xml2js": {
			"version": "0.6.2",
			"resolved": "https://registry.npmjs.org/xml2js/-/xml2js-0.6.2.tgz",
			"integrity": "sha512-T4rieHaC1EXcES0Kxxj4JWgaUQHDk+qwHcYOCFHfiwKz7tOVPLq7Hjq9dM1WCMhylqMEfP7hMcOIChvotiZegA==",
			"dependencies": {
				"sax": ">=0.6.0",
				"xmlbuilder": "~11.0.0"
			},
			"engines": {
				"node": ">=4.0.0"
			}
		},
		"node_modules/xmlbuilder": {
			"version": "11.0.1",
			"resolved": "https://registry.npmjs.org/xmlbuilder/-/xmlbuilder-11.0.1.tgz",
			"integrity": "sha512-fDlsI/kFEx7gLvbecc0/ohLG50fugQp8ryHzMTuW9vSa1GJ0XYWKnhsUx7oie3G98+r56aTQIUB4kht42R3JvA==",
			"engines": {
				"node": ">=4.0"
			}
		}
	},
	"dependencies": {
		"@doctormckay/stdlib": {
			"version": "2.9.1",
			"resolved": "https://registry.npmjs.org/@doctormckay/stdlib/-/stdlib-2.9.1.tgz",
			"integrity": "sha512-o/gEe6iTMMLQgJytfpYehAQVTvUsEyPiOOM66ATmzRlHgXdvj9XD5SWjd+DqHZqd5zv6RCC2pO4ktqfMnFU7vA==",
			"requires": {
				"psl": "^1.9.0"
			}
		},
		"@doctormckay/user-agents": {
			"version": "1.1.0",
			"resolved": "https://registry.npmjs.org/@doctormckay/user-agents/-/user-agents-1.1.0.tgz",
			"integrity": "sha512-KXc+5wGh9Is+A4hYAbWDopH8reokVVhwQnUw8px7bjeqIXoH9dwXBqzfvoGmqKBg5dE8zSHYgrx8x7tL5yEvWg=="
		},
		"@protobufjs/aspromise": {
			"version": "1.1.2",
			"resolved": "https://registry.npmjs.org/@protobufjs/aspromise/-/aspromise-1.1.2.tgz",
			"integrity": "sha512-j+gKExEuLmKwvz3OgROXtrJ2UG2x8Ch2YZUxahh+s1F2HZ+wAceUNLkvy6zKCPVRkU++ZWQrdxsUeQXmcg4uoQ=="
		},
		"@protobufjs/base64": {
			"version": "1.1.2",
			"resolved": "https://registry.npmjs.org/@protobufjs/base64/-/base64-1.1.2.tgz",
			"integrity": "sha512-AZkcAA5vnN/v4PDqKyMR5lx7hZttPDgClv83E//FMNhR2TMcLUhfRUBHCmSl0oi9zMgDDqRUJkSxO3wm85+XLg=="
		},
		"@protobufjs/codegen": {
			"version": "2.0.5",
			"resolved": "https://registry.npmjs.org/@protobufjs/codegen/-/codegen-2.0.5.tgz",
			"integrity": "sha512-zgXFLzW3Ap33e6d0Wlj4MGIm6Ce8O89n/apUaGNB/jx+hw+ruWEp7EwGUshdLKVRCxZW12fp9r40E1mQrf/34g=="
		},
		"@protobufjs/eventemitter": {
			"version": "1.1.1",
			"resolved": "https://registry.npmjs.org/@protobufjs/eventemitter/-/eventemitter-1.1.1.tgz",
			"integrity": "sha512-vW1GmwMZNnL+gMRaovlh9yZX74kc+TTU3FObkkurpMaRtBfLP3ldjS9KQWlwZgraRE0+dheEEoAxdzcJQ8eXZg=="
		},
		"@protobufjs/fetch": {
			"version": "1.1.1",
			"resolved": "https://registry.npmjs.org/@protobufjs/fetch/-/fetch-1.1.1.tgz",
			"integrity": "sha512-GpptLrs57adMSuHi3VNj0mAF8dwh36LMaYF6XyJ6JMWlVsc+t42tm1HSEDmOs3A8fC9yyeisgLhsTVQokOZ0zw==",
			"requires": {
				"@protobufjs/aspromise": "^1.1.1"
			}
		},
		"@protobufjs/float": {
			"version": "1.0.2",
			"resolved": "https://registry.npmjs.org/@protobufjs/float/-/float-1.0.2.tgz",
			"integrity": "sha512-Ddb+kVXlXst9d+R9PfTIxh1EdNkgoRe5tOX6t01f1lYWOvJnSPDBlG241QLzcyPdoNTsblLUdujGSE4RzrTZGQ=="
		},
		"@protobufjs/path": {
			"version": "1.1.2",
			"resolved": "https://registry.npmjs.org/@protobufjs/path/-/path-1.1.2.tgz",
			"integrity": "sha512-6JOcJ5Tm08dOHAbdR3GrvP+yUUfkjG5ePsHYczMFLq3ZmMkAD98cDgcT2iA1lJ9NVwFd4tH/iSSoe44YWkltEA=="
		},
		"@protobufjs/pool": {
			"version": "1.1.0",
			"resolved": "https://registry.npmjs.org/@protobufjs/pool/-/pool-1.1.0.tgz",
			"integrity": "sha512-0kELaGSIDBKvcgS4zkjz1PeddatrjYcmMWOlAuAPwAeccUrPHdUqo/J6LiymHHEiJT5NrF1UVwxY14f+fy4WQw=="
		},
		"@protobufjs/utf8": {
			"version": "1.1.2",
			"resolved": "https://registry.npmjs.org/@protobufjs/utf8/-/utf8-1.1.2.tgz",
			"integrity": "sha512-b1UQwcEZ4yCnMCD8DAL1VlbvBJE9/IX4FTIp7BG1xYpf29SLazLSrqUkj4w7Y5y7cCVP6E5tcqqcI0xemPkHug=="
		},
		"@types/node": {
			"version": "20.8.8",
			"resolved": "https://registry.npmjs.org/@types/node/-/node-20.8.8.tgz",
			"integrity": "sha512-YRsdVxq6OaLfmR9Hy816IMp33xOBjfyOgUd77ehqg96CFywxAPbDbXvAsuN2KVg2HOT8Eh6uAfU+l4WffwPVrQ==",
			"requires": {
				"undici-types": "~5.25.1"
			}
		},
		"agent-base": {
			"version": "6.0.2",
			"resolved": "https://registry.npmjs.org/agent-base/-/agent-base-6.0.2.tgz",
			"integrity": "sha512-RZNwNclF7+MS/8bDg70amg32dyeZGZxiDuQmZxKLAlQjr3jGyLx+4Kkk58UO7D2QdgFIQCovuSuZESne6RG6XQ==",
			"requires": {
				"debug": "4"
			}
		},
		"async": {
			"version": "3.2.6",
			"resolved": "https://registry.npmjs.org/async/-/async-3.2.6.tgz",
			"integrity": "sha512-htCUDlxyyCLMgaM3xXg0C0LW2xqfuQ6p05pCEIsXuyQ+a1koYKTuBMzRNwmybfLgvJDMd0r1LTn4+E0Ti6C2AA=="
		},
		"boolbase": {
			"version": "1.0.0",
			"resolved": "https://registry.npmjs.org/boolbase/-/boolbase-1.0.0.tgz",
			"integrity": "sha512-JZOSA7Mo9sNGB8+UjSgzdLtokWAky1zbztM3WRLCbZ70/3cTANmQmOdR7y2g+J0e2WXywy1yS468tY+IruqEww=="
		},
		"bytebuffer": {
			"version": "5.0.1",
			"resolved": "https://registry.npmjs.org/bytebuffer/-/bytebuffer-5.0.1.tgz",
			"integrity": "sha512-IuzSdmADppkZ6DlpycMkm8l9zeEq16fWtLvunEwFiYciR/BHo4E8/xs5piFquG+Za8OWmMqHF8zuRviz2LHvRQ==",
			"requires": {
				"long": "~3"
			},
			"dependencies": {
				"long": {
					"version": "3.2.0",
					"resolved": "https://registry.npmjs.org/long/-/long-3.2.0.tgz",
					"integrity": "sha512-ZYvPPOMqUwPoDsbJaR10iQJYnMuZhRTvHYl62ErLIEX7RgFlziSBUUvrt3OVfc47QlHHpzPZYP17g3Fv7oeJkg=="
				}
			}
		},
		"cheerio": {
			"version": "1.2.0",
			"resolved": "https://registry.npmjs.org/cheerio/-/cheerio-1.2.0.tgz",
			"integrity": "sha512-WDrybc/gKFpTYQutKIK6UvfcuxijIZfMfXaYm8NMsPQxSYvf+13fXUJ4rztGGbJcBQ/GF55gvrZ0Bc0bj/mqvg==",
			"requires": {
				"cheerio-select": "^2.1.0",
				"dom-serializer": "^2.0.0",
				"domhandler": "^5.0.3",
				"domutils": "^3.2.2",
				"encoding-sniffer": "^0.2.1",
				"htmlparser2": "^10.1.0",
				"parse5": "^7.3.0",
				"parse5-htmlparser2-tree-adapter": "^7.1.0",
				"parse5-parser-stream": "^7.1.2",
				"undici": "^7.19.0",
				"whatwg-mimetype": "^4.0.0"
			}
		},
		"cheerio-select": {
			"version": "2.1.0",
			"resolved": "https://registry.npmjs.org/cheerio-select/-/cheerio-select-2.1.0.tgz",
			"integrity": "sha512-9v9kG0LvzrlcungtnJtpGNxY+fzECQKhK4EGJX2vByejiMX84MFNQw4UxPJl3bFbTMw+Dfs37XaIkCwTZfLh4g==",
			"requires": {
				"boolbase": "^1.0.0",
				"css-select": "^5.1.0",
				"css-what": "^6.1.0",
				"domelementtype": "^2.3.0",
				"domhandler": "^5.0.3",
				"domutils": "^3.0.1"
			}
		},
		"css-select": {
			"version": "5.1.0",
			"resolved": "https://registry.npmjs.org/css-select/-/css-select-5.1.0.tgz",
			"integrity": "sha512-nwoRF1rvRRnnCqqY7updORDsuqKzqYJ28+oSMaJMMgOauh3fvwHqMS7EZpIPqK8GL+g9mKxF1vP/ZjSeNjEVHg==",
			"requires": {
				"boolbase": "^1.0.0",
				"css-what": "^6.1.0",
				"domhandler": "^5.0.2",
				"domutils": "^3.0.1",
				"nth-check": "^2.0.1"
			}
		},
		"css-what": {
			"version": "6.1.0",
			"resolved": "https://registry.npmjs.org/css-what/-/css-what-6.1.0.tgz",
			"integrity": "sha512-HTUrgRJ7r4dsZKU6GjmpfRK1O76h97Z8MfS1G0FozR+oF2kG6Vfe8JE6zwrkbxigziPHinCJ+gCPjA9EaBDtRw=="
		},
		"debug": {
			"version": "4.3.4",
			"resolved": "https://registry.npmjs.org/debug/-/debug-4.3.4.tgz",
			"integrity": "sha512-PRWFHuSU3eDtQJPvnNY7Jcket1j0t5OuOsFzPPzsekD52Zl8qUfFIPEiswXqIvHWGVHOgX+7G/vCNNhehwxfkQ==",
			"requires": {
				"ms": "2.1.2"
			}
		},
		"dom-serializer": {
			"version": "2.0.0",
			"resolved": "https://registry.npmjs.org/dom-serializer/-/dom-serializer-2.0.0.tgz",
			"integrity": "sha512-wIkAryiqt/nV5EQKqQpo3SToSOV9J0DnbJqwK7Wv/Trc92zIAYZ4FlMu+JPFW1DfGFt81ZTCGgDEabffXeLyJg==",
			"requires": {
				"domelementtype": "^2.3.0",
				"domhandler": "^5.0.2",
				"entities": "^4.2.0"
			}
		},
		"domelementtype": {
			"version": "2.3.0",
			"resolved": "https://registry.npmjs.org/domelementtype/-/domelementtype-2.3.0.tgz",
			"integrity": "sha512-OLETBj6w0OsagBwdXnPdN0cnMfF9opN69co+7ZrbfPGrdpPVNBUj02spi6B1N7wChLQiPn4CSH/zJvXw56gmHw=="
		},
		"domhandler": {
			"version": "5.0.3",
			"resolved": "https://registry.npmjs.org/domhandler/-/domhandler-5.0.3.tgz",
			"integrity": "sha512-cgwlv/1iFQiFnU96XXgROh8xTeetsnJiDsTc7TYCLFd9+/WNkIqPTxiM/8pSd8VIrhXGTf1Ny1q1hquVqDJB5w==",
			"requires": {
				"domelementtype": "^2.3.0"
			}
		},
		"domutils": {
			"version": "3.2.2",
			"resolved": "https://registry.npmjs.org/domutils/-/domutils-3.2.2.tgz",
			"integrity": "sha512-6kZKyUajlDuqlHKVX1w7gyslj9MPIXzIFiz/rGu35uC1wMi+kMhQwGhl4lt9unC9Vb9INnY9Z3/ZA3+FhASLaw==",
			"requires": {
				"dom-serializer": "^2.0.0",
				"domelementtype": "^2.3.0",
				"domhandler": "^5.0.3"
			}
		},
		"encoding-sniffer": {
			"version": "0.2.1",
			"resolved": "https://registry.npmjs.org/encoding-sniffer/-/encoding-sniffer-0.2.1.tgz",
			"integrity": "sha512-5gvq20T6vfpekVtqrYQsSCFZ1wEg5+wW0/QaZMWkFr6BqD3NfKs0rLCx4rrVlSWJeZb5NBJgVLswK/w2MWU+Gw==",
			"requires": {
				"iconv-lite": "^0.6.3",
				"whatwg-encoding": "^3.1.1"
			}
		},
		"entities": {
			"version": "4.5.0",
			"resolved": "https://registry.npmjs.org/entities/-/entities-4.5.0.tgz",
			"integrity": "sha512-V0hjH4dGPh9Ao5p0MoRY6BVqtwCjhz6vI5LT8AJ55H+4g9/4vbHx1I54fS0XuclLhDHArPQCiMjDxjaL8fPxhw=="
		},
		"fetch-cookie": {
			"version": "3.2.0",
			"resolved": "https://registry.npmjs.org/fetch-cookie/-/fetch-cookie-3.2.0.tgz",
			"integrity": "sha512-n61pQIxP25C6DRhcJxn7BDzgHP/+S56Urowb5WFxtcRMpU6drqXD90xjyAsVQYsNSNNVbaCcYY1DuHsdkZLuiA==",
			"requires": {
				"set-cookie-parser": "^2.4.8",
				"tough-cookie": "^6.0.0"
			}
		},
		"htmlparser2": {
			"version": "10.1.0",
			"resolved": "https://registry.npmjs.org/htmlparser2/-/htmlparser2-10.1.0.tgz",
			"integrity": "sha512-VTZkM9GWRAtEpveh7MSF6SjjrpNVNNVJfFup7xTY3UpFtm67foy9HDVXneLtFVt4pMz5kZtgNcvCniNFb1hlEQ==",
			"requires": {
				"domelementtype": "^2.3.0",
				"domhandler": "^5.0.3",
				"domutils": "^3.2.2",
				"entities": "^7.0.1"
			},
			"dependencies": {
				"entities": {
					"version": "7.0.1",
					"resolved": "https://registry.npmjs.org/entities/-/entities-7.0.1.tgz",
					"integrity": "sha512-TWrgLOFUQTH994YUyl1yT4uyavY5nNB5muff+RtWaqNVCAK408b5ZnnbNAUEWLTCpum9w6arT70i1XdQ4UeOPA=="
				}
			}
		},
		"iconv-lite": {
			"version": "0.6.3",
			"resolved": "https://registry.npmjs.org/iconv-lite/-/iconv-lite-0.6.3.tgz",
			"integrity": "sha512-4fCk79wshMdzMp2rH06qWrJE4iolqLhCUH+OiuIgU++RB0+94NlDL81atO7GX55uUKueo0txHNtvEyI6D7WdMw==",
			"requires": {
				"safer-buffer": ">= 2.1.2 < 3.0.0"
			}
		},
		"image-size": {
			"version": "0.8.3",
			"resolved": "https://registry.npmjs.org/image-size/-/image-size-0.8.3.tgz",
			"integrity": "sha512-SMtq1AJ+aqHB45c3FsB4ERK0UCiA2d3H1uq8s+8T0Pf8A3W4teyBQyaFaktH6xvZqh+npwlKU7i4fJo0r7TYTg==",
			"requires": {
				"queue": "6.0.1"
			}
		},
		"inherits": {
			"version": "2.0.4",
			"resolved": "https://registry.npmjs.org/inherits/-/inherits-2.0.4.tgz",
			"integrity": "sha512-k/vGaX4/Yla3WzyMCvTQOXYeIHvqOKtnqBduzTHpzpQZzAskKMhZ2K+EnBiSM9zGSoIFeMpXKxa4dYeZIQqewQ=="
		},
		"ip-address": {
			"version": "10.2.0",
			"resolved": "https://registry.npmjs.org/ip-address/-/ip-address-10.2.0.tgz",
			"integrity": "sha512-/+S6j4E9AHvW9SWMSEY9Xfy66O5PWvVEJ08O0y5JGyEKQpojb0K0GKpz/v5HJ/G0vi3D2sjGK78119oXZeE0qA=="
		},
		"kvparser": {
			"version": "1.0.2",
			"resolved": "https://registry.npmjs.org/kvparser/-/kvparser-1.0.2.tgz",
			"integrity": "sha512-5P/5qpTAHjVYWqcI55B3yQwSY2FUrYYrJj5i65V1Wmg7/4W4OnBcaodaEvLyVuugeOnS+BAaKm9LbPazGJcRyA=="
		},
		"long": {
			"version": "5.3.2",
			"resolved": "https://registry.npmjs.org/long/-/long-5.3.2.tgz",
			"integrity": "sha512-mNAgZ1GmyNhD7AuqnTG3/VQ26o760+ZYBPKjPvugO8+nLbYfX6TVpJPseBvopbdY+qpZ/lKUnmEc1LeZYS3QAA=="
		},
		"ms": {
			"version": "2.1.2",
			"resolved": "https://registry.npmjs.org/ms/-/ms-2.1.2.tgz",
			"integrity": "sha512-sGkPx+VjMtmA6MX27oA4FBFELFCZZ4S4XqeGOXCv68tT+jb3vk/RyaKWP0PTKyWtmLSM0b+adUTEvbs1PEaH2w=="
		},
		"node-bignumber": {
			"version": "1.2.2",
			"resolved": "https://registry.npmjs.org/node-bignumber/-/node-bignumber-1.2.2.tgz",
			"integrity": "sha512-VoTZHmdFQpZH1+q1dz2qcHNCwTWsJg2T3PYwlAyDNFOfVhSYUKQBLFcCpCud+wJBGgCttGavZILaIggDIKqEQQ=="
		},
		"nth-check": {
			"version": "2.1.1",
			"resolved": "https://registry.npmjs.org/nth-check/-/nth-check-2.1.1.tgz",
			"integrity": "sha512-lqjrjmaOoAnWfMmBPL+XNnynZh2+swxiX3WUE0s4yEHI6m+AwrK2UZOimIRl3X/4QctVqS8AiZjFqyOGrMXb/w==",
			"requires": {
				"boolbase": "^1.0.0"
			}
		},
		"parse5": {
			"version": "7.3.0",
			"resolved": "https://registry.npmjs.org/parse5/-/parse5-7.3.0.tgz",
			"integrity": "sha512-IInvU7fabl34qmi9gY8XOVxhYyMyuH2xUNpb2q8/Y+7552KlejkRvqvD19nMoUW/uQGGbqNpA6Tufu5FL5BZgw==",
			"requires": {
				"entities": "^6.0.0"
			},
			"dependencies": {
				"entities": {
					"version": "6.0.1",
					"resolved": "https://registry.npmjs.org/entities/-/entities-6.0.1.tgz",
					"integrity": "sha512-aN97NXWF6AWBTahfVOIrB/NShkzi5H7F9r1s9mD3cDj4Ko5f2qhhVoYMibXF7GlLveb/D2ioWay8lxI97Ven3g=="
				}
			}
		},
		"parse5-htmlparser2-tree-adapter": {
			"version": "7.1.0",
			"resolved": "https://registry.npmjs.org/parse5-htmlparser2-tree-adapter/-/parse5-htmlparser2-tree-adapter-7.1.0.tgz",
			"integrity": "sha512-ruw5xyKs6lrpo9x9rCZqZZnIUntICjQAd0Wsmp396Ul9lN/h+ifgVV1x1gZHi8euej6wTfpqX8j+BFQxF0NS/g==",
			"requires": {
				"domhandler": "^5.0.3",
				"parse5": "^7.0.0"
			}
		},
		"parse5-parser-stream": {
			"version": "7.1.2",
			"resolved": "https://registry.npmjs.org/parse5-parser-stream/-/parse5-parser-stream-7.1.2.tgz",
			"integrity": "sha512-JyeQc9iwFLn5TbvvqACIF/VXG6abODeB3Fwmv/TGdLk2LfbWkaySGY72at4+Ty7EkPZj854u4CrICqNk2qIbow==",
			"requires": {
				"parse5": "^7.0.0"
			}
		},
		"permessage-deflate": {
			"version": "0.1.7",
			"resolved": "https://registry.npmjs.org/permessage-deflate/-/permessage-deflate-0.1.7.tgz",
			"integrity": "sha512-EUNi/RIsyJ1P1u9QHFwMOUWMYetqlE22ZgGbad7YP856WF4BFF0B7DuNy6vEGsgNNud6c/SkdWzkne71hH8MjA==",
			"requires": {
				"safe-buffer": "*"
			}
		},
		"protobufjs": {
			"version": "7.6.5",
			"resolved": "https://registry.npmjs.org/protobufjs/-/protobufjs-7.6.5.tgz",
			"integrity": "sha512-/FPD0nUc9jH6rfFjji9IBqOz4pcSE3CsT1m7Ep6Mdb0LxSUMj8hgl6GomOvZzpNpAqqGaXA0P3VSrZLFzIhQrw==",
			"requires": {
				"@protobufjs/aspromise": "^1.1.2",
				"@protobufjs/base64": "^1.1.2",
				"@protobufjs/codegen": "^2.0.5",
				"@protobufjs/eventemitter": "^1.1.1",
				"@protobufjs/fetch": "^1.1.1",
				"@protobufjs/float": "^1.0.2",
				"@protobufjs/path": "^1.1.2",
				"@protobufjs/pool": "^1.1.0",
				"@protobufjs/utf8": "^1.1.1",
				"@types/node": ">=13.7.0",
				"long": "^5.3.2"
			}
		},
		"psl": {
			"version": "1.9.0",
			"resolved": "https://registry.npmjs.org/psl/-/psl-1.9.0.tgz",
			"integrity": "sha512-E/ZsdU4HLs/68gYzgGTkMicWTLPdAftJLfJFlLUAAKZGkStNU72sZjT66SnMDVOfOWY/YAoiD7Jxa9iHvngcag=="
		},
		"queue": {
			"version": "6.0.1",
			"resolved": "https://registry.npmjs.org/queue/-/queue-6.0.1.tgz",
			"integrity": "sha512-AJBQabRCCNr9ANq8v77RJEv73DPbn55cdTb+Giq4X0AVnNVZvMHlYp7XlQiN+1npCZj1DuSmaA2hYVUUDgxFDg==",
			"requires": {
				"inherits": "~2.0.3"
			}
		},
		"safe-buffer": {
			"version": "5.2.1",
			"resolved": "https://registry.npmjs.org/safe-buffer/-/safe-buffer-5.2.1.tgz",
			"integrity": "sha512-rp3So07KcdmmKbGvgaNxQSJr7bGVSVk5S9Eq1F+ppbRo70+YeaDxkw5Dd8NPN+GD6bjnYm2VuPuCXmpuYvmCXQ=="
		},
		"safer-buffer": {
			"version": "2.1.2",
			"resolved": "https://registry.npmjs.org/safer-buffer/-/safer-buffer-2.1.2.tgz",
			"integrity": "sha512-YZo3K82SD7Riyi0E1EQPojLz7kpepnSQI9IyPbHHg1XXXevb5dJI7tpyN2ADxGcQbHG7vcyRHk0cbwqcQriUtg=="
		},
		"sax": {
			"version": "1.2.4",
			"resolved": "https://registry.npmjs.org/sax/-/sax-1.2.4.tgz",
			"integrity": "sha512-NqVDv9TpANUjFm0N8uM5GxL36UgKi9/atZw+x7YFnQ8ckwFGKrl4xX4yWtrey3UJm5nP1kUbnYgLopqWNSRhWw=="
		},
		"set-cookie-parser": {
			"version": "2.7.2",
			"resolved": "https://registry.npmjs.org/set-cookie-parser/-/set-cookie-parser-2.7.2.tgz",
			"integrity": "sha512-oeM1lpU/UvhTxw+g3cIfxXHyJRc/uidd3yK1P242gzHds0udQBYzs3y8j4gCCW+ZJ7ad0yctld8RYO+bdurlvw=="
		},
		"smart-buffer": {
			"version": "4.2.0",
			"resolved": "https://registry.npmjs.org/smart-buffer/-/smart-buffer-4.2.0.tgz",
			"integrity": "sha512-94hK0Hh8rPqQl2xXc3HsaBoOXKV20MToPkcXvwbISWLEs+64sBq5kFgn2kJDHb1Pry9yrP0dxrCI9RRci7RXKg=="
		},
		"socks": {
			"version": "2.8.9",
			"resolved": "https://registry.npmjs.org/socks/-/socks-2.8.9.tgz",
			"integrity": "sha512-LJhUYUvItdQ0LkJTmPeaEObWXAqFyfmP85x0tch/ez9cahmhlBBLbIqDFnvBnUJGagb0JbIQrkBs1wJ+yRYpEw==",
			"requires": {
				"ip-address": "^10.1.1",
				"smart-buffer": "^4.2.0"
			}
		},
		"socks-proxy-agent": {
			"version": "7.0.0",
			"resolved": "https://registry.npmjs.org/socks-proxy-agent/-/socks-proxy-agent-7.0.0.tgz",
			"integrity": "sha512-Fgl0YPZ902wEsAyiQ+idGd1A7rSFx/ayC1CQVMw5P+EQx2V0SgpGtf6OKFhVjPflPUl9YMmEOnmfjCdMUsygww==",
			"requires": {
				"agent-base": "^6.0.2",
				"debug": "^4.3.3",
				"socks": "^2.6.2"
			}
		},
		"steam-session": {
			"version": "1.9.4",
			"resolved": "https://registry.npmjs.org/steam-session/-/steam-session-1.9.4.tgz",
			"integrity": "sha512-MLvg1uMLEOIRHZS5LKruy1w5OqHb8EL7TeMxIY2a4mUcaVOgszz060+jo4c7s3gFeedyuoqGcfwJrR0pLKYzLw==",
			"requires": {
				"@doctormckay/stdlib": "^2.9.0",
				"@doctormckay/user-agents": "^1.0.0",
				"debug": "^4.3.4",
				"kvparser": "^1.0.1",
				"node-bignumber": "^1.2.2",
				"protobufjs": "^7.1.0",
				"socks-proxy-agent": "^7.0.0",
				"steamid": "^2.0.0",
				"tiny-typed-emitter": "^2.1.0",
				"websocket13": "^4.0.0"
			}
		},
		"steam-totp": {
			"version": "2.1.2",
			"resolved": "https://registry.npmjs.org/steam-totp/-/steam-totp-2.1.2.tgz",
			"integrity": "sha512-bTKlc/NoIUQId+my+O556s55DDsNNXfVIPWFDNVu68beql7AJhV0c+GTjFxfwCDYfdc4NkAme+0WrDdnY2D2VA=="
		},
		"steamid": {
			"version": "2.1.0",
			"resolved": "https://registry.npmjs.org/steamid/-/steamid-2.1.0.tgz",
			"integrity": "sha512-ndt1cvuuSC+i8fcxVsmeyRlgGsR1QsoAuIXz+eabj8/Y4GIWE2+mgHA7Hys61JDHOxttfWtXHtN2m5TNYTlORg=="
		},
		"tiny-typed-emitter": {
			"version": "2.1.0",
			"resolved": "https://registry.npmjs.org/tiny-typed-emitter/-/tiny-typed-emitter-2.1.0.tgz",
			"integrity": "sha512-qVtvMxeXbVej0cQWKqVSSAHmKZEHAvxdF8HEUBFWts8h+xEo5m/lEiPakuyZ3BnCBjOD8i24kzNOiOLLgsSxhA=="
		},
		"tldts": {
			"version": "7.4.8",
			"resolved": "https://registry.npmjs.org/tldts/-/tldts-7.4.8.tgz",
			"integrity": "sha512-htwgN/8KRB3z3vnC0BOETVh2m499g5GmyTK9Wq5JBLX3FNz6tSBveAd+fQhzy9hkjif8vy2jwDMR1sGhLtZl2A==",
			"requires": {
				"tldts-core": "^7.4.8"
			}
		},
		"tldts-core": {
			"version": "7.4.8",
			"resolved": "https://registry.npmjs.org/tldts-core/-/tldts-core-7.4.8.tgz",
			"integrity": "sha512-c1P7u0EhACHj7lPy4MJm8iTFEU8+nB0LCtddH0fhP7noaVoXAqafMtOOeX+ulpuPBqnrRgRhw494RICT3mbhnw=="
		},
		"tough-cookie": {
			"version": "6.0.2",
			"resolved": "https://registry.npmjs.org/tough-cookie/-/tough-cookie-6.0.2.tgz",
			"integrity": "sha512-exgYmnmL/sJpR3upZfXG5PoatXQii55xAiXGXzY+sROLZ/Y+SLcp9PgJNI9Vz37HpQ74WvDcLT8eqm+kV3FzrA==",
			"requires": {
				"tldts": "^7.0.5"
			}
		},
		"undici": {
			"version": "7.28.0",
			"resolved": "https://registry.npmjs.org/undici/-/undici-7.28.0.tgz",
			"integrity": "sha512-cRZYrTDwWznlnRiPjggAGxZXanty6M8RV1ff8Wm4LWXBp7/IG8v5DnOm74DtUBp9OONpK75YlPnIjQqX0dBDtA=="
		},
		"undici-types": {
			"version": "5.25.3",
			"resolved": "https://registry.npmjs.org/undici-types/-/undici-types-5.25.3.tgz",
			"integrity": "sha512-Ga1jfYwRn7+cP9v8auvEXN1rX3sWqlayd4HP7OKk4mZWylEmu3KzXDUGrQUN6Ol7qo1gPvB2e5gX6udnyEPgdA=="
		},
		"websocket-extensions": {
			"version": "0.1.4",
			"resolved": "https://registry.npmjs.org/websocket-extensions/-/websocket-extensions-0.1.4.tgz",
			"integrity": "sha512-OqedPIGOfsDlo31UNwYbCFMSaO9m9G/0faIHj5/dZFDMFqPTcx6UwqyOy3COEaEOg/9VsGIpdqn62W5KhoKSpg=="
		},
		"websocket13": {
			"version": "4.0.0",
			"resolved": "https://registry.npmjs.org/websocket13/-/websocket13-4.0.0.tgz",
			"integrity": "sha512-/ujP9ZfihyAZIXKGxcYpoe7Gj4r5o3WYSfP93o9lVNhhqoBtYba4m1s3mxdjKZu/HOhX5Mcqrt89dv/gC3b06A==",
			"requires": {
				"@doctormckay/stdlib": "^2.7.1",
				"bytebuffer": "^5.0.1",
				"permessage-deflate": "^0.1.7",
				"tiny-typed-emitter": "^2.1.0",
				"websocket-extensions": "^0.1.4"
			}
		},
		"whatwg-encoding": {
			"version": "3.1.1",
			"resolved": "https://registry.npmjs.org/whatwg-encoding/-/whatwg-encoding-3.1.1.tgz",
			"integrity": "sha512-6qN4hJdMwfYBtE3YBTTHhoeuUrDBPZmbQaxWAqSALV/MeEnR5z1xd8UKud2RAkFoPkmB+hli1TZSnyi84xz1vQ==",
			"requires": {
				"iconv-lite": "0.6.3"
			}
		},
		"whatwg-mimetype": {
			"version": "4.0.0",
			"resolved": "https://registry.npmjs.org/whatwg-mimetype/-/whatwg-mimetype-4.0.0.tgz",
			"integrity": "sha512-QaKxh0eNIi2mE9p2vEdzfagOKHCcj1pJ56EEHGQOVxp8r9/iszLUUV7v89x9O1p/T+NlTM5W7jW6+cz4Fq1YVg=="
		},
		"xml2js": {
			"version": "0.6.2",
			"resolved": "https://registry.npmjs.org/xml2js/-/xml2js-0.6.2.tgz",
			"integrity": "sha512-T4rieHaC1EXcES0Kxxj4JWgaUQHDk+qwHcYOCFHfiwKz7tOVPLq7Hjq9dM1WCMhylqMEfP7hMcOIChvotiZegA==",
			"requires": {
				"sax": ">=0.6.0",
				"xmlbuilder": "~11.0.0"
			}
		},
		"xmlbuilder": {
			"version": "11.0.1",
			"resolved": "https://registry.npmjs.org/xmlbuilder/-/xmlbuilder-11.0.1.tgz",
			"integrity": "sha512-fDlsI/kFEx7gLvbecc0/ohLG50fugQp8ryHzMTuW9vSa1GJ0XYWKnhsUx7oie3G98+r56aTQIUB4kht42R3JvA=="
		}
	}
}
